
Microsoft Visual Studio Solution File, Format Version 12.00
# Visual Studio Version 16
VisualStudioVersion = 16.0.30406.217
MinimumVisualStudioVersion = 10.0.40219.1
Project("{FAE04EC0-301F-11D3-BF4B-00C04F79EFBC}") = "DMAssistant", "DMAssistant\DMAssistant.csproj", "{56BFA86A-3151-4B60-9EFA-A87EBC8AD25E}"
EndProject
Global
	GlobalSection(SolutionConfigurationPlatforms) = preSolution
		Debug|Any CPU = Debug|Any CPU
		Release|Any CPU = Release|Any CPU
	EndGlobalSection
	GlobalSection(ProjectConfigurationPlatforms) = postSolution
		{56BFA86A-3151-4B60-9EFA-A87EBC8AD25E}.Debug|Any CPU.ActiveCfg = Debug|Any CPU
		{56BFA86A-3151-4B60-9EFA-A87EBC8AD25E}.Debug|Any CPU.Build.0 = Debug|Any CPU
		{56BFA86A-3151-4B60-9EFA-A87EBC8AD25E}.Release|Any CPU.ActiveCfg = Release|Any CPU
		{56BFA86A-3151-4B60-9EFA-A87EBC8AD25E}.Release|Any CPU.Build.0 = Release|Any CPU
	EndGlobalSection
	GlobalSection(SolutionProperties) = preSolution
		HideSolutionNode = FALSE
	EndGlobalSection
	GlobalSection(ExtensibilityGlobals) = postSolution
		SolutionGuid = {945373DD-F763-4CA0-888B-7121DA6B7F01}
	EndGlobalSection
EndGlobal
